<?xml version="1.0" encoding="utf-8"?>
<Project ToolsVersion="4.0" xmlns="http://schemas.microsoft.com/developer/msbuild/2003">
  <ItemGroup>
    <Filter Include="Source Files">
      <UniqueIdentifier>{4FC737F1-C7A5-4376-A066-2A32D752A2FF}</UniqueIdentifier>
      <Extensions>cpp;c;cc;cxx;c++;cppm;ixx;def;odl;idl;hpj;bat;asm;asmx</Extensions>
    </Filter>
    <Filter Include="Header Files">
      <UniqueIdentifier>{93995380-89BD-4b04-88EB-625FBE52EBFB}</UniqueIdentifier>
      <Extensions>h;hh;hpp;hxx;h++;hm;inl;inc;ipp;xsd</Extensions>
    </Filter>
    <Filter Include="Resource Files">
      <UniqueIdentifier>{67DA6AB6-F800-4c08-8B7A-83BB121AAD01}</UniqueIdentifier>
      <Extensions>rc;ico;cur;bmp;dlg;rc2;rct;bin;rgs;gif;jpg;jpeg;jpe;resx;tiff;tif;png;wav;mfcribbon-ms</Extensions>
    </Filter>
  </ItemGroup>
  <ItemGroup>
    <ClCompile Include="funciones.cpp">
      <Filter>Source Files</Filter>
    </ClCompile>
    <ClCompile Include="GameMaster.cpp">
      <Filter>Source Files</Filter>
    </ClCompile>
    <ClCompile Include="cArqueros.cpp">
      <Filter>Source Files</Filter>
    </ClCompile>
    <ClCompile Include="cCaballeros.cpp">
      <Filter>Source Files</Filter>
    </ClCompile>
    <ClCompile Include="cEjercito.cpp">
      <Filter>Source Files</Filter>
    </ClCompile>
    <ClCompile Include="cJugador.cpp">
      <Filter>Source Files</Filter>
    </ClCompile>
    <ClCompile Include="cMagos.cpp">
      <Filter>Source Files</Filter>
    </ClCompile>
    <ClCompile Include="cMapa.cpp">
      <Filter>Source Files</Filter>
    </ClCompile>
    <ClCompile Include="cPais.cpp">
      <Filter>Source Files</Filter>
    </ClCompile>
    <ClCompile Include="cTropa.cpp">
      <Filter>Source Files</Filter>
    </ClCompile>
    <ClCompile Include="main.cpp">
      <Filter>Source Files</Filter>
    </ClCompile>
    <ClCompile Include="cUnidad.cpp">
      <Filter>Source Files</Filter>
    </ClCompile>
    <ClCompile Include="llenarArchivos.cpp">
      <Filter>Source Files</Filter>
    </ClCompile>
    <ClCompile Include="cRegistro.cpp">
      <Filter>Source Files</Filter>
    </ClCompile>
  </ItemGroup>
  <ItemGroup>
    <ClInclude Include="funciones.h">
      <Filter>Header Files</Filter>
    </ClInclude>
    <ClInclude Include="cCaballeros.h">
      <Filter>Header Files</Filter>
    </ClInclude>
    <ClInclude Include="cEjercito.h">
      <Filter>Header Files</Filter>
    </ClInclude>
    <ClInclude Include="cJugador.h">
      <Filter>Header Files</Filter>
    </ClInclude>
    <ClInclude Include="cMagos.h">
      <Filter>Header Files</Filter>
    </ClInclude>
    <ClInclude Include="cMapa.h">
      <Filter>Header Files</Filter>
    </ClInclude>
    <ClInclude Include="cPais.h">
      <Filter>Header Files</Filter>
    </ClInclude>
    <ClInclude Include="cTropa.h">
      <Filter>Header Files</Filter>
    </ClInclude>
    <ClInclude Include="cUnidad.h">
      <Filter>Header Files</Filter>
    </ClInclude>
    <ClInclude Include="GameMaster.h">
      <Filter>Header Files</Filter>
    </ClInclude>
    <ClInclude Include="cArqueros.h">
      <Filter>Header Files</Filter>
    </ClInclude>
    <ClInclude Include="Defines.h">
      <Filter>Header Files</Filter>
    </ClInclude>
    <ClInclude Include="cListaT.h">
      <Filter>Header Files</Filter>
    </ClInclude>
    <ClInclude Include="Archivo.h">
      <Filter>Header Files</Filter>
    </ClInclude>
    <ClInclude Include="llenarArchivos.h">
      <Filter>Header Files</Filter>
    </ClInclude>
    <ClInclude Include="Globals.h">
      <Filter>Source Files</Filter>
    </ClInclude>
    <ClInclude Include="cRegistro.h">
      <Filter>Header Files</Filter>
    </ClInclude>
  </ItemGroup>
  <ItemGroup>
    <Text Include="mapaLatinoamerica.txt">
      <Filter>Resource Files</Filter>
    </Text>
  </ItemGroup>
  <ItemGroup>
    <None Include="listaPaisesLatinoamerica.dat">
      <Filter>Resource Files</Filter>
    </None>
  </ItemGroup>
</Project>